
Microsoft Visual Studio Solution File, Format Version 12.00
# Visual Studio Version 17
VisualStudioVersion = 17.12.35707.178 d17.12
MinimumVisualStudioVersion = 10.0.40219.1
Project("{FAE04EC0-301F-11D3-BF4B-00C04F79EFBC}") = "ProductsApp.API", "ProductsApp.API\ProductsApp.API.csproj", "{1634152E-C064-46E1-8037-742BBF586B6F}"
EndProject
Project("{2150E333-8FDC-42A3-9474-1A3956D46DE8}") = "1 - PRESENTATION", "1 - PRESENTATION", "{BB405CA5-18D3-471F-A5B1-582F7D8B9E96}"
EndProject
Project("{2150E333-8FDC-42A3-9474-1A3956D46DE8}") = "2 - APPLICATION", "2 - APPLICATION", "{C0008317-F49D-4A2A-BED4-5291443E59DA}"
EndProject
Project("{2150E333-8FDC-42A3-9474-1A3956D46DE8}") = "3 - DOMAIN", "3 - DOMAIN", "{7F6E30E4-C4C1-432E-9728-DC39FBB5D1D6}"
EndProject
Project("{2150E333-8FDC-42A3-9474-1A3956D46DE8}") = "4 - INFRASTRUCTURE", "4 - INFRASTRUCTURE", "{DD7326C9-DC18-475D-B11D-589FB9FC4DB4}"
EndProject
Project("{FAE04EC0-301F-11D3-BF4B-00C04F79EFBC}") = "ProductsApp.Application", "ProductsApp.Application\ProductsApp.Application.csproj", "{0D01D439-8D90-4CD9-B38D-2ED341D11DC8}"
EndProject
Project("{FAE04EC0-301F-11D3-BF4B-00C04F79EFBC}") = "ProductsApp.Domain", "ProductsApp.Domain\ProductsApp.Domain.csproj", "{D6289D24-6336-4383-A488-21593D0FF744}"
EndProject
Project("{FAE04EC0-301F-11D3-BF4B-00C04F79EFBC}") = "ProductsApp.Infra.Data", "ProductsApp.Infra.Data\ProductsApp.Infra.Data.csproj", "{DAD8AAE9-12F5-47F6-BB8F-5F54964D6F67}"
EndProject
Project("{FAE04EC0-301F-11D3-BF4B-00C04F79EFBC}") = "ProductsApp.Infra.Messages", "ProductsApp.Infra.Messages\ProductsApp.Infra.Messages.csproj", "{AA12805E-BC6B-41FC-9F15-CBC39926D3CA}"
EndProject
Project("{2150E333-8FDC-42A3-9474-1A3956D46DE8}") = "5 - TESTS", "5 - TESTS", "{757BE82D-62B7-492D-9604-D3AEB12EF3A1}"
EndProject
Project("{FAE04EC0-301F-11D3-BF4B-00C04F79EFBC}") = "ProductsApp.Tests", "ProductsApp.Tests\ProductsApp.Tests.csproj", "{93F2EDFF-63CB-4035-837E-4F6E0FE8A19F}"
EndProject
Global
	GlobalSection(SolutionConfigurationPlatforms) = preSolution
		Debug|Any CPU = Debug|Any CPU
		Release|Any CPU = Release|Any CPU
	EndGlobalSection
	GlobalSection(ProjectConfigurationPlatforms) = postSolution
		{1634152E-C064-46E1-8037-742BBF586B6F}.Debug|Any CPU.ActiveCfg = Debug|Any CPU
		{1634152E-C064-46E1-8037-742BBF586B6F}.Debug|Any CPU.Build.0 = Debug|Any CPU
		{1634152E-C064-46E1-8037-742BBF586B6F}.Release|Any CPU.ActiveCfg = Release|Any CPU
		{1634152E-C064-46E1-8037-742BBF586B6F}.Release|Any CPU.Build.0 = Release|Any CPU
		{0D01D439-8D90-4CD9-B38D-2ED341D11DC8}.Debug|Any CPU.ActiveCfg = Debug|Any CPU
		{0D01D439-8D90-4CD9-B38D-2ED341D11DC8}.Debug|Any CPU.Build.0 = Debug|Any CPU
		{0D01D439-8D90-4CD9-B38D-2ED341D11DC8}.Release|Any CPU.ActiveCfg = Release|Any CPU
		{0D01D439-8D90-4CD9-B38D-2ED341D11DC8}.Release|Any CPU.Build.0 = Release|Any CPU
		{D6289D24-6336-4383-A488-21593D0FF744}.Debug|Any CPU.ActiveCfg = Debug|Any CPU
		{D6289D24-6336-4383-A488-21593D0FF744}.Debug|Any CPU.Build.0 = Debug|Any CPU
		{D6289D24-6336-4383-A488-21593D0FF744}.Release|Any CPU.ActiveCfg = Release|Any CPU
		{D6289D24-6336-4383-A488-21593D0FF744}.Release|Any CPU.Build.0 = Release|Any CPU
		{DAD8AAE9-12F5-47F6-BB8F-5F54964D6F67}.Debug|Any CPU.ActiveCfg = Debug|Any CPU
		{DAD8AAE9-12F5-47F6-BB8F-5F54964D6F67}.Debug|Any CPU.Build.0 = Debug|Any CPU
		{DAD8AAE9-12F5-47F6-BB8F-5F54964D6F67}.Release|Any CPU.ActiveCfg = Release|Any CPU
		{DAD8AAE9-12F5-47F6-BB8F-5F54964D6F67}.Release|Any CPU.Build.0 = Release|Any CPU
		{AA12805E-BC6B-41FC-9F15-CBC39926D3CA}.Debug|Any CPU.ActiveCfg = Debug|Any CPU
		{AA12805E-BC6B-41FC-9F15-CBC39926D3CA}.Debug|Any CPU.Build.0 = Debug|Any CPU
		{AA12805E-BC6B-41FC-9F15-CBC39926D3CA}.Release|Any CPU.ActiveCfg = Release|Any CPU
		{AA12805E-BC6B-41FC-9F15-CBC39926D3CA}.Release|Any CPU.Build.0 = Release|Any CPU
		{93F2EDFF-63CB-4035-837E-4F6E0FE8A19F}.Debug|Any CPU.ActiveCfg = Debug|Any CPU
		{93F2EDFF-63CB-4035-837E-4F6E0FE8A19F}.Debug|Any CPU.Build.0 = Debug|Any CPU
		{93F2EDFF-63CB-4035-837E-4F6E0FE8A19F}.Release|Any CPU.ActiveCfg = Release|Any CPU
		{93F2EDFF-63CB-4035-837E-4F6E0FE8A19F}.Release|Any CPU.Build.0 = Release|Any CPU
	EndGlobalSection
	GlobalSection(SolutionProperties) = preSolution
		HideSolutionNode = FALSE
	EndGlobalSection
	GlobalSection(NestedProjects) = preSolution
		{1634152E-C064-46E1-8037-742BBF586B6F} = {BB405CA5-18D3-471F-A5B1-582F7D8B9E96}
		{0D01D439-8D90-4CD9-B38D-2ED341D11DC8} = {C0008317-F49D-4A2A-BED4-5291443E59DA}
		{D6289D24-6336-4383-A488-21593D0FF744} = {7F6E30E4-C4C1-432E-9728-DC39FBB5D1D6}
		{DAD8AAE9-12F5-47F6-BB8F-5F54964D6F67} = {DD7326C9-DC18-475D-B11D-589FB9FC4DB4}
		{AA12805E-BC6B-41FC-9F15-CBC39926D3CA} = {DD7326C9-DC18-475D-B11D-589FB9FC4DB4}
		{93F2EDFF-63CB-4035-837E-4F6E0FE8A19F} = {757BE82D-62B7-492D-9604-D3AEB12EF3A1}
	EndGlobalSection
EndGlobal
